<?xml version="1.0" encoding="utf-8"?>
<Project ToolsVersion="4.0" xmlns="http://schemas.microsoft.com/developer/msbuild/2003">
  <ItemGroup>
    <Filter Include="Source Files">
      <UniqueIdentifier>{430401f0-b166-4b8c-b66d-cb2c5173d35e}</UniqueIdentifier>
      <Extensions>cpp;c;cxx;rc;def;r;odl;idl;hpj;bat</Extensions>
    </Filter>
    <Filter Include="Header Files">
      <UniqueIdentifier>{dac9ce00-38c3-4717-a0d2-645d764d1635}</UniqueIdentifier>
      <Extensions>h;hpp;hxx;hm;inl</Extensions>
    </Filter>
    <Filter Include="Resource Files">
      <UniqueIdentifier>{d9e81a37-9f5b-4258-9379-47598987e894}</UniqueIdentifier>
      <Extensions>ico;cur;bmp;dlg;rc2;rct;bin;rgs;gif;jpg;jpeg;jpe</Extensions>
    </Filter>
  </ItemGroup>
  <ItemGroup>
    <ClCompile Include="asiouac2.cpp">
      <Filter>Source Files</Filter>
    </ClCompile>
    <ClCompile Include="..\ASIO SDK\common\combase.cpp">
      <Filter>Source Files</Filter>
    </ClCompile>
    <ClCompile Include="..\ASIO SDK\common\dllentry.cpp">
      <Filter>Source Files</Filter>
    </ClCompile>
    <ClCompile Include="..\ASIO SDK\common\register.cpp">
      <Filter>Source Files</Filter>
    </ClCompile>
    <ClCompile Include="wintimer.cpp">
      <Filter>Source Files</Filter>
    </ClCompile>
  </ItemGroup>
  <ItemGroup>
    <None Include="asiouac2.def">
      <Filter>Source Files</Filter>
    </None>
  </ItemGroup>
  <ItemGroup>
    <ClInclude Include="..\ASIO SDK\common\asio.h">
      <Filter>Header Files</Filter>
    </ClInclude>
    <ClInclude Include="..\ASIO SDK\Common\Asiodrvr.h">
      <Filter>Header Files</Filter>
    </ClInclude>
    <ClInclude Include="..\ASIO SDK\common\asiosys.h">
      <Filter>Header Files</Filter>
    </ClInclude>
    <ClInclude Include="asiouac2.h">
      <Filter>Header Files</Filter>
    </ClInclude>
    <ClInclude Include="..\ASIO SDK\common\combase.h">
      <Filter>Header Files</Filter>
    </ClInclude>
    <ClInclude Include="..\ASIO SDK\common\iasiodrv.h">
      <Filter>Header Files</Filter>
    </ClInclude>
  </ItemGroup>
</Project>